
Microsoft Visual Studio Solution File, Format Version 12.00
# Visual Studio 14
VisualStudioVersion = 14.0.25420.1
MinimumVisualStudioVersion = 10.0.40219.1
Project("{D954291E-2A0B-460D-934E-DC6B0785DB48}") = "Movil.Control.Despacho", "Movil.Control.Despacho\Movil.Control.Despacho\Movil.Control.Despacho.shproj", "{8FB193F2-7162-42E8-A410-8891197D736C}"
EndProject
Project("{FAE04EC0-301F-11D3-BF4B-00C04F79EFBC}") = "Movil.Control.Despacho.Android", "Movil.Control.Despacho\Movil.Control.Despacho.Android\Movil.Control.Despacho.Android.csproj", "{DA8AC444-97A1-4544-8B42-28C3D25B752A}"
EndProject
Project("{FAE04EC0-301F-11D3-BF4B-00C04F79EFBC}") = "Movil.Control.Despacho.iOS", "Movil.Control.Despacho\Movil.Control.Despacho.iOS\Movil.Control.Despacho.iOS.csproj", "{E44BF02A-7497-4533-B010-7FA9CDD1B419}"
EndProject
Project("{FAE04EC0-301F-11D3-BF4B-00C04F79EFBC}") = "Movil.Control.Despacho.UWP", "Movil.Control.Despacho\Movil.Control.Despacho.UWP\Movil.Control.Despacho.UWP.csproj", "{19D7FF75-E77A-4777-9AE7-2B22474B66A7}"
EndProject
Global
	GlobalSection(SharedMSBuildProjectFiles) = preSolution
		Movil.Control.Despacho\Movil.Control.Despacho\Movil.Control.Despacho.projitems*{19d7ff75-e77a-4777-9ae7-2b22474b66a7}*SharedItemsImports = 4
		Movil.Control.Despacho\Movil.Control.Despacho\Movil.Control.Despacho.projitems*{8fb193f2-7162-42e8-a410-8891197d736c}*SharedItemsImports = 13
		Movil.Control.Despacho\Movil.Control.Despacho\Movil.Control.Despacho.projitems*{da8ac444-97a1-4544-8b42-28c3d25b752a}*SharedItemsImports = 4
		Movil.Control.Despacho\Movil.Control.Despacho\Movil.Control.Despacho.projitems*{e44bf02a-7497-4533-b010-7fa9cdd1b419}*SharedItemsImports = 4
	EndGlobalSection
	GlobalSection(SolutionConfigurationPlatforms) = preSolution
		Ad-Hoc|Any CPU = Ad-Hoc|Any CPU
		Ad-Hoc|ARM = Ad-Hoc|ARM
		Ad-Hoc|iPhone = Ad-Hoc|iPhone
		Ad-Hoc|iPhoneSimulator = Ad-Hoc|iPhoneSimulator
		Ad-Hoc|x64 = Ad-Hoc|x64
		Ad-Hoc|x86 = Ad-Hoc|x86
		AppStore|Any CPU = AppStore|Any CPU
		AppStore|ARM = AppStore|ARM
		AppStore|iPhone = AppStore|iPhone
		AppStore|iPhoneSimulator = AppStore|iPhoneSimulator
		AppStore|x64 = AppStore|x64
		AppStore|x86 = AppStore|x86
		Debug|Any CPU = Debug|Any CPU
		Debug|ARM = Debug|ARM
		Debug|iPhone = Debug|iPhone
		Debug|iPhoneSimulator = Debug|iPhoneSimulator
		Debug|x64 = Debug|x64
		Debug|x86 = Debug|x86
		Release|Any CPU = Release|Any CPU
		Release|ARM = Release|ARM
		Release|iPhone = Release|iPhone
		Release|iPhoneSimulator = Release|iPhoneSimulator
		Release|x64 = Release|x64
		Release|x86 = Release|x86
	EndGlobalSection
	GlobalSection(ProjectConfigurationPlatforms) = postSolution
		{DA8AC444-97A1-4544-8B42-28C3D25B752A}.Ad-Hoc|Any CPU.ActiveCfg = Release|Any CPU
		{DA8AC444-97A1-4544-8B42-28C3D25B752A}.Ad-Hoc|Any CPU.Build.0 = Release|Any CPU
		{DA8AC444-97A1-4544-8B42-28C3D25B752A}.Ad-Hoc|Any CPU.Deploy.0 = Release|Any CPU
		{DA8AC444-97A1-4544-8B42-28C3D25B752A}.Ad-Hoc|ARM.ActiveCfg = Release|Any CPU
		{DA8AC444-97A1-4544-8B42-28C3D25B752A}.Ad-Hoc|ARM.Build.0 = Release|Any CPU
		{DA8AC444-97A1-4544-8B42-28C3D25B752A}.Ad-Hoc|ARM.Deploy.0 = Release|Any CPU
		{DA8AC444-97A1-4544-8B42-28C3D25B752A}.Ad-Hoc|iPhone.ActiveCfg = Release|Any CPU
		{DA8AC444-97A1-4544-8B42-28C3D25B752A}.Ad-Hoc|iPhone.Build.0 = Release|Any CPU
		{DA8AC444-97A1-4544-8B42-28C3D25B752A}.Ad-Hoc|iPhone.Deploy.0 = Release|Any CPU
		{DA8AC444-97A1-4544-8B42-28C3D25B752A}.Ad-Hoc|iPhoneSimulator.ActiveCfg = Release|Any CPU
		{DA8AC444-97A1-4544-8B42-28C3D25B752A}.Ad-Hoc|iPhoneSimulator.Build.0 = Release|Any CPU
		{DA8AC444-97A1-4544-8B42-28C3D25B752A}.Ad-Hoc|iPhoneSimulator.Deploy.0 = Release|Any CPU
		{DA8AC444-97A1-4544-8B42-28C3D25B752A}.Ad-Hoc|x64.ActiveCfg = Release|Any CPU
		{DA8AC444-97A1-4544-8B42-28C3D25B752A}.Ad-Hoc|x64.Build.0 = Release|Any CPU
		{DA8AC444-97A1-4544-8B42-28C3D25B752A}.Ad-Hoc|x64.Deploy.0 = Release|Any CPU
		{DA8AC444-97A1-4544-8B42-28C3D25B752A}.Ad-Hoc|x86.ActiveCfg = Release|Any CPU
		{DA8AC444-97A1-4544-8B42-28C3D25B752A}.Ad-Hoc|x86.Build.0 = Release|Any CPU
		{DA8AC444-97A1-4544-8B42-28C3D25B752A}.Ad-Hoc|x86.Deploy.0 = Release|Any CPU
		{DA8AC444-97A1-4544-8B42-28C3D25B752A}.AppStore|Any CPU.ActiveCfg = Release|Any CPU
		{DA8AC444-97A1-4544-8B42-28C3D25B752A}.AppStore|Any CPU.Build.0 = Release|Any CPU
		{DA8AC444-97A1-4544-8B42-28C3D25B752A}.AppStore|Any CPU.Deploy.0 = Release|Any CPU
		{DA8AC444-97A1-4544-8B42-28C3D25B752A}.AppStore|ARM.ActiveCfg = Release|Any CPU
		{DA8AC444-97A1-4544-8B42-28C3D25B752A}.AppStore|ARM.Build.0 = Release|Any CPU
		{DA8AC444-97A1-4544-8B42-28C3D25B752A}.AppStore|ARM.Deploy.0 = Release|Any CPU
		{DA8AC444-97A1-4544-8B42-28C3D25B752A}.AppStore|iPhone.ActiveCfg = Release|Any CPU
		{DA8AC444-97A1-4544-8B42-28C3D25B752A}.AppStore|iPhone.Build.0 = Release|Any CPU
		{DA8AC444-97A1-4544-8B42-28C3D25B752A}.AppStore|iPhone.Deploy.0 = Release|Any CPU
		{DA8AC444-97A1-4544-8B42-28C3D25B752A}.AppStore|iPhoneSimulator.ActiveCfg = Release|Any CPU
		{DA8AC444-97A1-4544-8B42-28C3D25B752A}.AppStore|iPhoneSimulator.Build.0 = Release|Any CPU
		{DA8AC444-97A1-4544-8B42-28C3D25B752A}.AppStore|iPhoneSimulator.Deploy.0 = Release|Any CPU
		{DA8AC444-97A1-4544-8B42-28C3D25B752A}.AppStore|x64.ActiveCfg = Release|Any CPU
		{DA8AC444-97A1-4544-8B42-28C3D25B752A}.AppStore|x64.Build.0 = Release|Any CPU
		{DA8AC444-97A1-4544-8B42-28C3D25B752A}.AppStore|x64.Deploy.0 = Release|Any CPU
		{DA8AC444-97A1-4544-8B42-28C3D25B752A}.AppStore|x86.ActiveCfg = Release|Any CPU
		{DA8AC444-97A1-4544-8B42-28C3D25B752A}.AppStore|x86.Build.0 = Release|Any CPU
		{DA8AC444-97A1-4544-8B42-28C3D25B752A}.AppStore|x86.Deploy.0 = Release|Any CPU
		{DA8AC444-97A1-4544-8B42-28C3D25B752A}.Debug|Any CPU.ActiveCfg = Debug|Any CPU
		{DA8AC444-97A1-4544-8B42-28C3D25B752A}.Debug|Any CPU.Build.0 = Debug|Any CPU
		{DA8AC444-97A1-4544-8B42-28C3D25B752A}.Debug|Any CPU.Deploy.0 = Debug|Any CPU
		{DA8AC444-97A1-4544-8B42-28C3D25B752A}.Debug|ARM.ActiveCfg = Debug|Any CPU
		{DA8AC444-97A1-4544-8B42-28C3D25B752A}.Debug|ARM.Build.0 = Debug|Any CPU
		{DA8AC444-97A1-4544-8B42-28C3D25B752A}.Debug|ARM.Deploy.0 = Debug|Any CPU
		{DA8AC444-97A1-4544-8B42-28C3D25B752A}.Debug|iPhone.ActiveCfg = Debug|Any CPU
		{DA8AC444-97A1-4544-8B42-28C3D25B752A}.Debug|iPhone.Build.0 = Debug|Any CPU
		{DA8AC444-97A1-4544-8B42-28C3D25B752A}.Debug|iPhone.Deploy.0 = Debug|Any CPU
		{DA8AC444-97A1-4544-8B42-28C3D25B752A}.Debug|iPhoneSimulator.ActiveCfg = Debug|Any CPU
		{DA8AC444-97A1-4544-8B42-28C3D25B752A}.Debug|iPhoneSimulator.Build.0 = Debug|Any CPU
		{DA8AC444-97A1-4544-8B42-28C3D25B752A}.Debug|iPhoneSimulator.Deploy.0 = Debug|Any CPU
		{DA8AC444-97A1-4544-8B42-28C3D25B752A}.Debug|x64.ActiveCfg = Debug|Any CPU
		{DA8AC444-97A1-4544-8B42-28C3D25B752A}.Debug|x64.Build.0 = Debug|Any CPU
		{DA8AC444-97A1-4544-8B42-28C3D25B752A}.Debug|x64.Deploy.0 = Debug|Any CPU
		{DA8AC444-97A1-4544-8B42-28C3D25B752A}.Debug|x86.ActiveCfg = Debug|Any CPU
		{DA8AC444-97A1-4544-8B42-28C3D25B752A}.Debug|x86.Build.0 = Debug|Any CPU
		{DA8AC444-97A1-4544-8B42-28C3D25B752A}.Debug|x86.Deploy.0 = Debug|Any CPU
		{DA8AC444-97A1-4544-8B42-28C3D25B752A}.Release|Any CPU.ActiveCfg = Release|Any CPU
		{DA8AC444-97A1-4544-8B42-28C3D25B752A}.Release|Any CPU.Build.0 = Release|Any CPU
		{DA8AC444-97A1-4544-8B42-28C3D25B752A}.Release|Any CPU.Deploy.0 = Release|Any CPU
		{DA8AC444-97A1-4544-8B42-28C3D25B752A}.Release|ARM.ActiveCfg = Release|Any CPU
		{DA8AC444-97A1-4544-8B42-28C3D25B752A}.Release|ARM.Build.0 = Release|Any CPU
		{DA8AC444-97A1-4544-8B42-28C3D25B752A}.Release|ARM.Deploy.0 = Release|Any CPU
		{DA8AC444-97A1-4544-8B42-28C3D25B752A}.Release|iPhone.ActiveCfg = Release|Any CPU
		{DA8AC444-97A1-4544-8B42-28C3D25B752A}.Release|iPhone.Build.0 = Release|Any CPU
		{DA8AC444-97A1-4544-8B42-28C3D25B752A}.Release|iPhone.Deploy.0 = Release|Any CPU
		{DA8AC444-97A1-4544-8B42-28C3D25B752A}.Release|iPhoneSimulator.ActiveCfg = Release|Any CPU
		{DA8AC444-97A1-4544-8B42-28C3D25B752A}.Release|iPhoneSimulator.Build.0 = Release|Any CPU
		{DA8AC444-97A1-4544-8B42-28C3D25B752A}.Release|iPhoneSimulator.Deploy.0 = Release|Any CPU
		{DA8AC444-97A1-4544-8B42-28C3D25B752A}.Release|x64.ActiveCfg = Release|Any CPU
		{DA8AC444-97A1-4544-8B42-28C3D25B752A}.Release|x64.Build.0 = Release|Any CPU
		{DA8AC444-97A1-4544-8B42-28C3D25B752A}.Release|x64.Deploy.0 = Release|Any CPU
		{DA8AC444-97A1-4544-8B42-28C3D25B752A}.Release|x86.ActiveCfg = Release|Any CPU
		{DA8AC444-97A1-4544-8B42-28C3D25B752A}.Release|x86.Build.0 = Release|Any CPU
		{DA8AC444-97A1-4544-8B42-28C3D25B752A}.Release|x86.Deploy.0 = Release|Any CPU
		{E44BF02A-7497-4533-B010-7FA9CDD1B419}.Ad-Hoc|Any CPU.ActiveCfg = Ad-Hoc|iPhone
		{E44BF02A-7497-4533-B010-7FA9CDD1B419}.Ad-Hoc|ARM.ActiveCfg = Ad-Hoc|iPhone
		{E44BF02A-7497-4533-B010-7FA9CDD1B419}.Ad-Hoc|iPhone.ActiveCfg = Ad-Hoc|iPhone
		{E44BF02A-7497-4533-B010-7FA9CDD1B419}.Ad-Hoc|iPhone.Build.0 = Ad-Hoc|iPhone
		{E44BF02A-7497-4533-B010-7FA9CDD1B419}.Ad-Hoc|iPhoneSimulator.ActiveCfg = Ad-Hoc|iPhoneSimulator
		{E44BF02A-7497-4533-B010-7FA9CDD1B419}.Ad-Hoc|iPhoneSimulator.Build.0 = Ad-Hoc|iPhoneSimulator
		{E44BF02A-7497-4533-B010-7FA9CDD1B419}.Ad-Hoc|x64.ActiveCfg = Ad-Hoc|iPhone
		{E44BF02A-7497-4533-B010-7FA9CDD1B419}.Ad-Hoc|x86.ActiveCfg = Ad-Hoc|iPhone
		{E44BF02A-7497-4533-B010-7FA9CDD1B419}.AppStore|Any CPU.ActiveCfg = AppStore|iPhone
		{E44BF02A-7497-4533-B010-7FA9CDD1B419}.AppStore|ARM.ActiveCfg = AppStore|iPhone
		{E44BF02A-7497-4533-B010-7FA9CDD1B419}.AppStore|iPhone.ActiveCfg = AppStore|iPhone
		{E44BF02A-7497-4533-B010-7FA9CDD1B419}.AppStore|iPhone.Build.0 = AppStore|iPhone
		{E44BF02A-7497-4533-B010-7FA9CDD1B419}.AppStore|iPhoneSimulator.ActiveCfg = AppStore|iPhoneSimulator
		{E44BF02A-7497-4533-B010-7FA9CDD1B419}.AppStore|iPhoneSimulator.Build.0 = AppStore|iPhoneSimulator
		{E44BF02A-7497-4533-B010-7FA9CDD1B419}.AppStore|x64.ActiveCfg = AppStore|iPhone
		{E44BF02A-7497-4533-B010-7FA9CDD1B419}.AppStore|x86.ActiveCfg = AppStore|iPhone
		{E44BF02A-7497-4533-B010-7FA9CDD1B419}.Debug|Any CPU.ActiveCfg = Debug|iPhone
		{E44BF02A-7497-4533-B010-7FA9CDD1B419}.Debug|ARM.ActiveCfg = Debug|iPhone
		{E44BF02A-7497-4533-B010-7FA9CDD1B419}.Debug|iPhone.ActiveCfg = Debug|iPhone
		{E44BF02A-7497-4533-B010-7FA9CDD1B419}.Debug|iPhone.Build.0 = Debug|iPhone
		{E44BF02A-7497-4533-B010-7FA9CDD1B419}.Debug|iPhoneSimulator.ActiveCfg = Debug|iPhoneSimulator
		{E44BF02A-7497-4533-B010-7FA9CDD1B419}.Debug|iPhoneSimulator.Build.0 = Debug|iPhoneSimulator
		{E44BF02A-7497-4533-B010-7FA9CDD1B419}.Debug|x64.ActiveCfg = Debug|iPhone
		{E44BF02A-7497-4533-B010-7FA9CDD1B419}.Debug|x86.ActiveCfg = Debug|iPhone
		{E44BF02A-7497-4533-B010-7FA9CDD1B419}.Release|Any CPU.ActiveCfg = Release|iPhone
		{E44BF02A-7497-4533-B010-7FA9CDD1B419}.Release|ARM.ActiveCfg = Release|iPhone
		{E44BF02A-7497-4533-B010-7FA9CDD1B419}.Release|iPhone.ActiveCfg = Release|iPhone
		{E44BF02A-7497-4533-B010-7FA9CDD1B419}.Release|iPhone.Build.0 = Release|iPhone
		{E44BF02A-7497-4533-B010-7FA9CDD1B419}.Release|iPhoneSimulator.ActiveCfg = Release|iPhoneSimulator
		{E44BF02A-7497-4533-B010-7FA9CDD1B419}.Release|iPhoneSimulator.Build.0 = Release|iPhoneSimulator
		{E44BF02A-7497-4533-B010-7FA9CDD1B419}.Release|x64.ActiveCfg = Release|iPhone
		{E44BF02A-7497-4533-B010-7FA9CDD1B419}.Release|x86.ActiveCfg = Release|iPhone
		{19D7FF75-E77A-4777-9AE7-2B22474B66A7}.Ad-Hoc|Any CPU.ActiveCfg = Release|x86
		{19D7FF75-E77A-4777-9AE7-2B22474B66A7}.Ad-Hoc|Any CPU.Build.0 = Release|x86
		{19D7FF75-E77A-4777-9AE7-2B22474B66A7}.Ad-Hoc|Any CPU.Deploy.0 = Release|x86
		{19D7FF75-E77A-4777-9AE7-2B22474B66A7}.Ad-Hoc|ARM.ActiveCfg = Release|ARM
		{19D7FF75-E77A-4777-9AE7-2B22474B66A7}.Ad-Hoc|ARM.Build.0 = Release|ARM
		{19D7FF75-E77A-4777-9AE7-2B22474B66A7}.Ad-Hoc|ARM.Deploy.0 = Release|ARM
		{19D7FF75-E77A-4777-9AE7-2B22474B66A7}.Ad-Hoc|iPhone.ActiveCfg = Release|x86
		{19D7FF75-E77A-4777-9AE7-2B22474B66A7}.Ad-Hoc|iPhone.Build.0 = Release|x86
		{19D7FF75-E77A-4777-9AE7-2B22474B66A7}.Ad-Hoc|iPhone.Deploy.0 = Release|x86
		{19D7FF75-E77A-4777-9AE7-2B22474B66A7}.Ad-Hoc|iPhoneSimulator.ActiveCfg = Release|x86
		{19D7FF75-E77A-4777-9AE7-2B22474B66A7}.Ad-Hoc|iPhoneSimulator.Build.0 = Release|x86
		{19D7FF75-E77A-4777-9AE7-2B22474B66A7}.Ad-Hoc|iPhoneSimulator.Deploy.0 = Release|x86
		{19D7FF75-E77A-4777-9AE7-2B22474B66A7}.Ad-Hoc|x64.ActiveCfg = Release|x64
		{19D7FF75-E77A-4777-9AE7-2B22474B66A7}.Ad-Hoc|x64.Build.0 = Release|x64
		{19D7FF75-E77A-4777-9AE7-2B22474B66A7}.Ad-Hoc|x64.Deploy.0 = Release|x64
		{19D7FF75-E77A-4777-9AE7-2B22474B66A7}.Ad-Hoc|x86.ActiveCfg = Release|x86
		{19D7FF75-E77A-4777-9AE7-2B22474B66A7}.Ad-Hoc|x86.Build.0 = Release|x86
		{19D7FF75-E77A-4777-9AE7-2B22474B66A7}.Ad-Hoc|x86.Deploy.0 = Release|x86
		{19D7FF75-E77A-4777-9AE7-2B22474B66A7}.AppStore|Any CPU.ActiveCfg = Release|x86
		{19D7FF75-E77A-4777-9AE7-2B22474B66A7}.AppStore|Any CPU.Build.0 = Release|x86
		{19D7FF75-E77A-4777-9AE7-2B22474B66A7}.AppStore|Any CPU.Deploy.0 = Release|x86
		{19D7FF75-E77A-4777-9AE7-2B22474B66A7}.AppStore|ARM.ActiveCfg = Release|ARM
		{19D7FF75-E77A-4777-9AE7-2B22474B66A7}.AppStore|ARM.Build.0 = Release|ARM
		{19D7FF75-E77A-4777-9AE7-2B22474B66A7}.AppStore|ARM.Deploy.0 = Release|ARM
		{19D7FF75-E77A-4777-9AE7-2B22474B66A7}.AppStore|iPhone.ActiveCfg = Release|x86
		{19D7FF75-E77A-4777-9AE7-2B22474B66A7}.AppStore|iPhone.Build.0 = Release|x86
		{19D7FF75-E77A-4777-9AE7-2B22474B66A7}.AppStore|iPhone.Deploy.0 = Release|x86
		{19D7FF75-E77A-4777-9AE7-2B22474B66A7}.AppStore|iPhoneSimulator.ActiveCfg = Release|x86
		{19D7FF75-E77A-4777-9AE7-2B22474B66A7}.AppStore|iPhoneSimulator.Build.0 = Release|x86
		{19D7FF75-E77A-4777-9AE7-2B22474B66A7}.AppStore|iPhoneSimulator.Deploy.0 = Release|x86
		{19D7FF75-E77A-4777-9AE7-2B22474B66A7}.AppStore|x64.ActiveCfg = Release|x64
		{19D7FF75-E77A-4777-9AE7-2B22474B66A7}.AppStore|x64.Build.0 = Release|x64
		{19D7FF75-E77A-4777-9AE7-2B22474B66A7}.AppStore|x64.Deploy.0 = Release|x64
		{19D7FF75-E77A-4777-9AE7-2B22474B66A7}.AppStore|x86.ActiveCfg = Release|x86
		{19D7FF75-E77A-4777-9AE7-2B22474B66A7}.AppStore|x86.Build.0 = Release|x86
		{19D7FF75-E77A-4777-9AE7-2B22474B66A7}.AppStore|x86.Deploy.0 = Release|x86
		{19D7FF75-E77A-4777-9AE7-2B22474B66A7}.Debug|Any CPU.ActiveCfg = Debug|x86
		{19D7FF75-E77A-4777-9AE7-2B22474B66A7}.Debug|ARM.ActiveCfg = Debug|ARM
		{19D7FF75-E77A-4777-9AE7-2B22474B66A7}.Debug|ARM.Build.0 = Debug|ARM
		{19D7FF75-E77A-4777-9AE7-2B22474B66A7}.Debug|ARM.Deploy.0 = Debug|ARM
		{19D7FF75-E77A-4777-9AE7-2B22474B66A7}.Debug|iPhone.ActiveCfg = Debug|x86
		{19D7FF75-E77A-4777-9AE7-2B22474B66A7}.Debug|iPhoneSimulator.ActiveCfg = Debug|x86
		{19D7FF75-E77A-4777-9AE7-2B22474B66A7}.Debug|x64.ActiveCfg = Debug|x64
		{19D7FF75-E77A-4777-9AE7-2B22474B66A7}.Debug|x64.Build.0 = Debug|x64
		{19D7FF75-E77A-4777-9AE7-2B22474B66A7}.Debug|x64.Deploy.0 = Debug|x64
		{19D7FF75-E77A-4777-9AE7-2B22474B66A7}.Debug|x86.ActiveCfg = Debug|x86
		{19D7FF75-E77A-4777-9AE7-2B22474B66A7}.Debug|x86.Build.0 = Debug|x86
		{19D7FF75-E77A-4777-9AE7-2B22474B66A7}.Debug|x86.Deploy.0 = Debug|x86
		{19D7FF75-E77A-4777-9AE7-2B22474B66A7}.Release|Any CPU.ActiveCfg = Release|x86
		{19D7FF75-E77A-4777-9AE7-2B22474B66A7}.Release|ARM.ActiveCfg = Release|ARM
		{19D7FF75-E77A-4777-9AE7-2B22474B66A7}.Release|ARM.Build.0 = Release|ARM
		{19D7FF75-E77A-4777-9AE7-2B22474B66A7}.Release|ARM.Deploy.0 = Release|ARM
		{19D7FF75-E77A-4777-9AE7-2B22474B66A7}.Release|iPhone.ActiveCfg = Release|x86
		{19D7FF75-E77A-4777-9AE7-2B22474B66A7}.Release|iPhoneSimulator.ActiveCfg = Release|x86
		{19D7FF75-E77A-4777-9AE7-2B22474B66A7}.Release|x64.ActiveCfg = Release|x64
		{19D7FF75-E77A-4777-9AE7-2B22474B66A7}.Release|x64.Build.0 = Release|x64
		{19D7FF75-E77A-4777-9AE7-2B22474B66A7}.Release|x64.Deploy.0 = Release|x64
		{19D7FF75-E77A-4777-9AE7-2B22474B66A7}.Release|x86.ActiveCfg = Release|x86
		{19D7FF75-E77A-4777-9AE7-2B22474B66A7}.Release|x86.Build.0 = Release|x86
		{19D7FF75-E77A-4777-9AE7-2B22474B66A7}.Release|x86.Deploy.0 = Release|x86
	EndGlobalSection
	GlobalSection(SolutionProperties) = preSolution
		HideSolutionNode = FALSE
	EndGlobalSection
EndGlobal
